
Microsoft Visual Studio Solution File, Format Version 12.00
# Visual Studio 15
VisualStudioVersion = 15.0.28010.2050
MinimumVisualStudioVersion = 10.0.40219.1
Project("{2150E333-8FDC-42A3-9474-1A3956D46DE8}") = "Item01-Task Parallel com Parallel.For,PLINQ,Tasks", "Item01-Task Parallel com Parallel.For,PLINQ,Tasks", "{9035D5AF-FFB2-41BC-83DE-D6B868B939AF}"
EndProject
Project("{2150E333-8FDC-42A3-9474-1A3956D46DE8}") = "Item02-Gerar threads usando ThreadPool", "Item02-Gerar threads usando ThreadPool", "{770E5841-1C9C-48A8-96BB-ABFA7D64A1FE}"
EndProject
Project("{2150E333-8FDC-42A3-9474-1A3956D46DE8}") = "Item03-Desbloquear a IU", "Item03-Desbloquear a IU", "{7EC001CD-D63F-42AC-B6FC-C92C15CC3C03}"
EndProject
Project("{2150E333-8FDC-42A3-9474-1A3956D46DE8}") = "Item04-Usar palavras-chave async e await", "Item04-Usar palavras-chave async e await", "{01C892E6-6B3A-4592-B8A9-41F910857CB1}"
EndProject
Project("{2150E333-8FDC-42A3-9474-1A3956D46DE8}") = "Item05-Gerenciar dados usando coleções simultâneas", "Item05-Gerenciar dados usando coleções simultâneas", "{8E61318F-0C64-4955-BA3D-96AC116C601D}"
EndProject
Project("{2150E333-8FDC-42A3-9474-1A3956D46DE8}") = "Item06-Sincronizar recursos", "Item06-Sincronizar recursos", "{7C436FDE-60B2-4B6E-8AB2-CC91B5C77D41}"
EndProject
Project("{2150E333-8FDC-42A3-9474-1A3956D46DE8}") = "Item07-Implementar bloqueio", "Item07-Implementar bloqueio", "{C71405D6-90B5-4F01-ACED-A12848FFF0DA}"
EndProject
Project("{2150E333-8FDC-42A3-9474-1A3956D46DE8}") = "Item08-Cancelar uma tarefa de execução longa", "Item08-Cancelar uma tarefa de execução longa", "{8FCD2554-7441-48B0-92B1-0CCAAEA3B4A2}"
EndProject
Project("{2150E333-8FDC-42A3-9474-1A3956D46DE8}") = "Item09-Implementar métodos thread-safe", "Item09-Implementar métodos thread-safe", "{7B68ACFB-0A03-4FD7-8929-64DF593DD3B2}"
EndProject
Project("{9A19103F-16F7-4668-BE54-9A1E7A4F7556}") = "Program02", "Program02\Program02.csproj", "{C7823F84-446D-422C-81C8-760807BE0026}"
EndProject
Project("{9A19103F-16F7-4668-BE54-9A1E7A4F7556}") = "Program03", "Program03\Program03.csproj", "{8AFE411A-7986-40CF-9652-70B92A1498FE}"
EndProject
Project("{9A19103F-16F7-4668-BE54-9A1E7A4F7556}") = "Program04", "Program04\Program04.csproj", "{314606FB-4068-4B5E-B1AF-858202E9B93E}"
EndProject
Project("{9A19103F-16F7-4668-BE54-9A1E7A4F7556}") = "Program05", "Program05\Program05.csproj", "{36380A35-0391-4901-A225-8E5E4BF5DDFF}"
EndProject
Project("{9A19103F-16F7-4668-BE54-9A1E7A4F7556}") = "Program06", "Program06\Program06.csproj", "{C1BCCC05-13A3-4412-8638-460020A26CC9}"
EndProject
Project("{9A19103F-16F7-4668-BE54-9A1E7A4F7556}") = "Program07", "Program07\Program07.csproj", "{EB745A3B-B195-4F3B-8499-A29EF896DB1A}"
EndProject
Project("{9A19103F-16F7-4668-BE54-9A1E7A4F7556}") = "Program08", "Program08\Program08.csproj", "{37FA8765-66FF-47F6-BBD3-04B5EEB21911}"
EndProject
Project("{9A19103F-16F7-4668-BE54-9A1E7A4F7556}") = "Program09", "Program09\Program09.csproj", "{2769A8DF-9457-4804-A744-2B0C939033B6}"
EndProject
Project("{9A19103F-16F7-4668-BE54-9A1E7A4F7556}") = "Program01.01", "Program01.01\Program01.01.csproj", "{B985B241-29AB-4351-BCC4-B74CC2D3F6F8}"
EndProject
Project("{9A19103F-16F7-4668-BE54-9A1E7A4F7556}") = "Program01.02", "Program01.02\Program01.02.csproj", "{554DDA24-7A84-4933-8C77-257BB8B22384}"
EndProject
Project("{FAE04EC0-301F-11D3-BF4B-00C04F79EFBC}") = "Program01.03", "Program01.03\Program01.03.csproj", "{FB31BE26-172D-4F9B-A2FD-B2CB4EAD62E8}"
EndProject
Project("{FAE04EC0-301F-11D3-BF4B-00C04F79EFBC}") = "Program01.04", "Program01.04\Program01.04.csproj", "{1C396D7A-6A1B-4982-BB69-96EEAED01CCD}"
EndProject
Project("{2150E333-8FDC-42A3-9474-1A3956D46DE8}") = "Dados", "Dados", "{595BAF2D-3108-4A12-910B-8221E5D13603}"
	ProjectSection(SolutionItems) = preProject
		Dados\filmes.json = Dados\filmes.json
	EndProjectSection
EndProject
Project("{FAE04EC0-301F-11D3-BF4B-00C04F79EFBC}") = "Program01.05", "Program01.05\Program01.05.csproj", "{C1621144-11C3-4E51-9AE3-31133CC821F5}"
EndProject
Project("{FAE04EC0-301F-11D3-BF4B-00C04F79EFBC}") = "Program01.06", "Program01.06\Program01.06.csproj", "{D90A05F2-200A-46F4-B744-25B324CA26B3}"
EndProject
Project("{FAE04EC0-301F-11D3-BF4B-00C04F79EFBC}") = "Program01.07", "Program01.07\Program01.07.csproj", "{E6653779-F0A8-4715-930F-D2EF9437ADBD}"
EndProject
Project("{FAE04EC0-301F-11D3-BF4B-00C04F79EFBC}") = "Program01.08", "Program01.08\Program01.08.csproj", "{37FD2CC0-A5AA-402E-A15D-45CCE8DAB0B3}"
EndProject
Global
	GlobalSection(SolutionConfigurationPlatforms) = preSolution
		Debug|Any CPU = Debug|Any CPU
		Release|Any CPU = Release|Any CPU
	EndGlobalSection
	GlobalSection(ProjectConfigurationPlatforms) = postSolution
		{C7823F84-446D-422C-81C8-760807BE0026}.Debug|Any CPU.ActiveCfg = Debug|Any CPU
		{C7823F84-446D-422C-81C8-760807BE0026}.Debug|Any CPU.Build.0 = Debug|Any CPU
		{C7823F84-446D-422C-81C8-760807BE0026}.Release|Any CPU.ActiveCfg = Release|Any CPU
		{C7823F84-446D-422C-81C8-760807BE0026}.Release|Any CPU.Build.0 = Release|Any CPU
		{8AFE411A-7986-40CF-9652-70B92A1498FE}.Debug|Any CPU.ActiveCfg = Debug|Any CPU
		{8AFE411A-7986-40CF-9652-70B92A1498FE}.Debug|Any CPU.Build.0 = Debug|Any CPU
		{8AFE411A-7986-40CF-9652-70B92A1498FE}.Release|Any CPU.ActiveCfg = Release|Any CPU
		{8AFE411A-7986-40CF-9652-70B92A1498FE}.Release|Any CPU.Build.0 = Release|Any CPU
		{314606FB-4068-4B5E-B1AF-858202E9B93E}.Debug|Any CPU.ActiveCfg = Debug|Any CPU
		{314606FB-4068-4B5E-B1AF-858202E9B93E}.Debug|Any CPU.Build.0 = Debug|Any CPU
		{314606FB-4068-4B5E-B1AF-858202E9B93E}.Release|Any CPU.ActiveCfg = Release|Any CPU
		{314606FB-4068-4B5E-B1AF-858202E9B93E}.Release|Any CPU.Build.0 = Release|Any CPU
		{36380A35-0391-4901-A225-8E5E4BF5DDFF}.Debug|Any CPU.ActiveCfg = Debug|Any CPU
		{36380A35-0391-4901-A225-8E5E4BF5DDFF}.Debug|Any CPU.Build.0 = Debug|Any CPU
		{36380A35-0391-4901-A225-8E5E4BF5DDFF}.Release|Any CPU.ActiveCfg = Release|Any CPU
		{36380A35-0391-4901-A225-8E5E4BF5DDFF}.Release|Any CPU.Build.0 = Release|Any CPU
		{C1BCCC05-13A3-4412-8638-460020A26CC9}.Debug|Any CPU.ActiveCfg = Debug|Any CPU
		{C1BCCC05-13A3-4412-8638-460020A26CC9}.Debug|Any CPU.Build.0 = Debug|Any CPU
		{C1BCCC05-13A3-4412-8638-460020A26CC9}.Release|Any CPU.ActiveCfg = Release|Any CPU
		{C1BCCC05-13A3-4412-8638-460020A26CC9}.Release|Any CPU.Build.0 = Release|Any CPU
		{EB745A3B-B195-4F3B-8499-A29EF896DB1A}.Debug|Any CPU.ActiveCfg = Debug|Any CPU
		{EB745A3B-B195-4F3B-8499-A29EF896DB1A}.Debug|Any CPU.Build.0 = Debug|Any CPU
		{EB745A3B-B195-4F3B-8499-A29EF896DB1A}.Release|Any CPU.ActiveCfg = Release|Any CPU
		{EB745A3B-B195-4F3B-8499-A29EF896DB1A}.Release|Any CPU.Build.0 = Release|Any CPU
		{37FA8765-66FF-47F6-BBD3-04B5EEB21911}.Debug|Any CPU.ActiveCfg = Debug|Any CPU
		{37FA8765-66FF-47F6-BBD3-04B5EEB21911}.Debug|Any CPU.Build.0 = Debug|Any CPU
		{37FA8765-66FF-47F6-BBD3-04B5EEB21911}.Release|Any CPU.ActiveCfg = Release|Any CPU
		{37FA8765-66FF-47F6-BBD3-04B5EEB21911}.Release|Any CPU.Build.0 = Release|Any CPU
		{2769A8DF-9457-4804-A744-2B0C939033B6}.Debug|Any CPU.ActiveCfg = Debug|Any CPU
		{2769A8DF-9457-4804-A744-2B0C939033B6}.Debug|Any CPU.Build.0 = Debug|Any CPU
		{2769A8DF-9457-4804-A744-2B0C939033B6}.Release|Any CPU.ActiveCfg = Release|Any CPU
		{2769A8DF-9457-4804-A744-2B0C939033B6}.Release|Any CPU.Build.0 = Release|Any CPU
		{B985B241-29AB-4351-BCC4-B74CC2D3F6F8}.Debug|Any CPU.ActiveCfg = Debug|Any CPU
		{B985B241-29AB-4351-BCC4-B74CC2D3F6F8}.Debug|Any CPU.Build.0 = Debug|Any CPU
		{B985B241-29AB-4351-BCC4-B74CC2D3F6F8}.Release|Any CPU.ActiveCfg = Release|Any CPU
		{B985B241-29AB-4351-BCC4-B74CC2D3F6F8}.Release|Any CPU.Build.0 = Release|Any CPU
		{554DDA24-7A84-4933-8C77-257BB8B22384}.Debug|Any CPU.ActiveCfg = Debug|Any CPU
		{554DDA24-7A84-4933-8C77-257BB8B22384}.Debug|Any CPU.Build.0 = Debug|Any CPU
		{554DDA24-7A84-4933-8C77-257BB8B22384}.Release|Any CPU.ActiveCfg = Release|Any CPU
		{554DDA24-7A84-4933-8C77-257BB8B22384}.Release|Any CPU.Build.0 = Release|Any CPU
		{FB31BE26-172D-4F9B-A2FD-B2CB4EAD62E8}.Debug|Any CPU.ActiveCfg = Debug|Any CPU
		{FB31BE26-172D-4F9B-A2FD-B2CB4EAD62E8}.Debug|Any CPU.Build.0 = Debug|Any CPU
		{FB31BE26-172D-4F9B-A2FD-B2CB4EAD62E8}.Release|Any CPU.ActiveCfg = Release|Any CPU
		{FB31BE26-172D-4F9B-A2FD-B2CB4EAD62E8}.Release|Any CPU.Build.0 = Release|Any CPU
		{1C396D7A-6A1B-4982-BB69-96EEAED01CCD}.Debug|Any CPU.ActiveCfg = Debug|Any CPU
		{1C396D7A-6A1B-4982-BB69-96EEAED01CCD}.Debug|Any CPU.Build.0 = Debug|Any CPU
		{1C396D7A-6A1B-4982-BB69-96EEAED01CCD}.Release|Any CPU.ActiveCfg = Release|Any CPU
		{1C396D7A-6A1B-4982-BB69-96EEAED01CCD}.Release|Any CPU.Build.0 = Release|Any CPU
		{C1621144-11C3-4E51-9AE3-31133CC821F5}.Debug|Any CPU.ActiveCfg = Debug|Any CPU
		{C1621144-11C3-4E51-9AE3-31133CC821F5}.Debug|Any CPU.Build.0 = Debug|Any CPU
		{C1621144-11C3-4E51-9AE3-31133CC821F5}.Release|Any CPU.ActiveCfg = Release|Any CPU
		{C1621144-11C3-4E51-9AE3-31133CC821F5}.Release|Any CPU.Build.0 = Release|Any CPU
		{D90A05F2-200A-46F4-B744-25B324CA26B3}.Debug|Any CPU.ActiveCfg = Debug|Any CPU
		{D90A05F2-200A-46F4-B744-25B324CA26B3}.Debug|Any CPU.Build.0 = Debug|Any CPU
		{D90A05F2-200A-46F4-B744-25B324CA26B3}.Release|Any CPU.ActiveCfg = Release|Any CPU
		{D90A05F2-200A-46F4-B744-25B324CA26B3}.Release|Any CPU.Build.0 = Release|Any CPU
		{E6653779-F0A8-4715-930F-D2EF9437ADBD}.Debug|Any CPU.ActiveCfg = Debug|Any CPU
		{E6653779-F0A8-4715-930F-D2EF9437ADBD}.Debug|Any CPU.Build.0 = Debug|Any CPU
		{E6653779-F0A8-4715-930F-D2EF9437ADBD}.Release|Any CPU.ActiveCfg = Release|Any CPU
		{E6653779-F0A8-4715-930F-D2EF9437ADBD}.Release|Any CPU.Build.0 = Release|Any CPU
		{37FD2CC0-A5AA-402E-A15D-45CCE8DAB0B3}.Debug|Any CPU.ActiveCfg = Debug|Any CPU
		{37FD2CC0-A5AA-402E-A15D-45CCE8DAB0B3}.Debug|Any CPU.Build.0 = Debug|Any CPU
		{37FD2CC0-A5AA-402E-A15D-45CCE8DAB0B3}.Release|Any CPU.ActiveCfg = Release|Any CPU
		{37FD2CC0-A5AA-402E-A15D-45CCE8DAB0B3}.Release|Any CPU.Build.0 = Release|Any CPU
	EndGlobalSection
	GlobalSection(SolutionProperties) = preSolution
		HideSolutionNode = FALSE
	EndGlobalSection
	GlobalSection(NestedProjects) = preSolution
		{C7823F84-446D-422C-81C8-760807BE0026} = {770E5841-1C9C-48A8-96BB-ABFA7D64A1FE}
		{8AFE411A-7986-40CF-9652-70B92A1498FE} = {7EC001CD-D63F-42AC-B6FC-C92C15CC3C03}
		{314606FB-4068-4B5E-B1AF-858202E9B93E} = {01C892E6-6B3A-4592-B8A9-41F910857CB1}
		{36380A35-0391-4901-A225-8E5E4BF5DDFF} = {8E61318F-0C64-4955-BA3D-96AC116C601D}
		{C1BCCC05-13A3-4412-8638-460020A26CC9} = {7C436FDE-60B2-4B6E-8AB2-CC91B5C77D41}
		{EB745A3B-B195-4F3B-8499-A29EF896DB1A} = {C71405D6-90B5-4F01-ACED-A12848FFF0DA}
		{37FA8765-66FF-47F6-BBD3-04B5EEB21911} = {8FCD2554-7441-48B0-92B1-0CCAAEA3B4A2}
		{2769A8DF-9457-4804-A744-2B0C939033B6} = {7B68ACFB-0A03-4FD7-8929-64DF593DD3B2}
		{B985B241-29AB-4351-BCC4-B74CC2D3F6F8} = {9035D5AF-FFB2-41BC-83DE-D6B868B939AF}
		{554DDA24-7A84-4933-8C77-257BB8B22384} = {9035D5AF-FFB2-41BC-83DE-D6B868B939AF}
		{FB31BE26-172D-4F9B-A2FD-B2CB4EAD62E8} = {9035D5AF-FFB2-41BC-83DE-D6B868B939AF}
		{1C396D7A-6A1B-4982-BB69-96EEAED01CCD} = {9035D5AF-FFB2-41BC-83DE-D6B868B939AF}
		{C1621144-11C3-4E51-9AE3-31133CC821F5} = {9035D5AF-FFB2-41BC-83DE-D6B868B939AF}
		{D90A05F2-200A-46F4-B744-25B324CA26B3} = {9035D5AF-FFB2-41BC-83DE-D6B868B939AF}
		{E6653779-F0A8-4715-930F-D2EF9437ADBD} = {9035D5AF-FFB2-41BC-83DE-D6B868B939AF}
		{37FD2CC0-A5AA-402E-A15D-45CCE8DAB0B3} = {9035D5AF-FFB2-41BC-83DE-D6B868B939AF}
	EndGlobalSection
	GlobalSection(ExtensibilityGlobals) = postSolution
		SolutionGuid = {11E49098-24B2-4E00-8BBC-8C0669452D17}
	EndGlobalSection
EndGlobal
